
Microsoft Visual Studio Solution File, Format Version 12.00
# Visual Studio Version 17
VisualStudioVersion = 17.6.33829.357
MinimumVisualStudioVersion = 10.0.40219.1
Project("{FAE04EC0-301F-11D3-BF4B-00C04F79EFBC}") = "타이머", "타이머.csproj", "{4C771BAB-FF3B-4A46-A01D-17BDFC0ACFB0}"
EndProject
Global
	GlobalSection(SolutionConfigurationPlatforms) = preSolution
		Debug|Any CPU = Debug|Any CPU
		Release|Any CPU = Release|Any CPU
	EndGlobalSection
	GlobalSection(ProjectConfigurationPlatforms) = postSolution
		{4C771BAB-FF3B-4A46-A01D-17BDFC0ACFB0}.Debug|Any CPU.ActiveCfg = Debug|Any CPU
		{4C771BAB-FF3B-4A46-A01D-17BDFC0ACFB0}.Debug|Any CPU.Build.0 = Debug|Any CPU
		{4C771BAB-FF3B-4A46-A01D-17BDFC0ACFB0}.Release|Any CPU.ActiveCfg = Release|Any CPU
		{4C771BAB-FF3B-4A46-A01D-17BDFC0ACFB0}.Release|Any CPU.Build.0 = Release|Any CPU
	EndGlobalSection
	GlobalSection(SolutionProperties) = preSolution
		HideSolutionNode = FALSE
	EndGlobalSection
	GlobalSection(ExtensibilityGlobals) = postSolution
		SolutionGuid = {E0C78377-9ED3-4803-A233-48DA22362899}
	EndGlobalSection
EndGlobal
