
Microsoft Visual Studio Solution File, Format Version 12.00
# Visual Studio Version 17
VisualStudioVersion = 17.6.33829.357
MinimumVisualStudioVersion = 10.0.40219.1
Project("{FAE04EC0-301F-11D3-BF4B-00C04F79EFBC}") = "익명메소드", "익명메소드.csproj", "{4274CCDB-FAC5-4885-BD2A-57D3AFF04714}"
EndProject
Global
	GlobalSection(SolutionConfigurationPlatforms) = preSolution
		Debug|Any CPU = Debug|Any CPU
		Release|Any CPU = Release|Any CPU
	EndGlobalSection
	GlobalSection(ProjectConfigurationPlatforms) = postSolution
		{4274CCDB-FAC5-4885-BD2A-57D3AFF04714}.Debug|Any CPU.ActiveCfg = Debug|Any CPU
		{4274CCDB-FAC5-4885-BD2A-57D3AFF04714}.Debug|Any CPU.Build.0 = Debug|Any CPU
		{4274CCDB-FAC5-4885-BD2A-57D3AFF04714}.Release|Any CPU.ActiveCfg = Release|Any CPU
		{4274CCDB-FAC5-4885-BD2A-57D3AFF04714}.Release|Any CPU.Build.0 = Release|Any CPU
	EndGlobalSection
	GlobalSection(SolutionProperties) = preSolution
		HideSolutionNode = FALSE
	EndGlobalSection
	GlobalSection(ExtensibilityGlobals) = postSolution
		SolutionGuid = {BB932B76-9759-436F-80A6-9388D6724E98}
	EndGlobalSection
EndGlobal
