
Microsoft Visual Studio Solution File, Format Version 12.00
# Visual Studio Version 17
VisualStudioVersion = 17.6.33829.357
MinimumVisualStudioVersion = 10.0.40219.1
Project("{FAE04EC0-301F-11D3-BF4B-00C04F79EFBC}") = "대화상자", "대화상자.csproj", "{BFDAE1CB-2FB0-4117-B687-8B98912861AC}"
EndProject
Global
	GlobalSection(SolutionConfigurationPlatforms) = preSolution
		Debug|Any CPU = Debug|Any CPU
		Release|Any CPU = Release|Any CPU
	EndGlobalSection
	GlobalSection(ProjectConfigurationPlatforms) = postSolution
		{BFDAE1CB-2FB0-4117-B687-8B98912861AC}.Debug|Any CPU.ActiveCfg = Debug|Any CPU
		{BFDAE1CB-2FB0-4117-B687-8B98912861AC}.Debug|Any CPU.Build.0 = Debug|Any CPU
		{BFDAE1CB-2FB0-4117-B687-8B98912861AC}.Release|Any CPU.ActiveCfg = Release|Any CPU
		{BFDAE1CB-2FB0-4117-B687-8B98912861AC}.Release|Any CPU.Build.0 = Release|Any CPU
	EndGlobalSection
	GlobalSection(SolutionProperties) = preSolution
		HideSolutionNode = FALSE
	EndGlobalSection
	GlobalSection(ExtensibilityGlobals) = postSolution
		SolutionGuid = {FA3901DA-B5FC-4E22-A30A-BE41AD180886}
	EndGlobalSection
EndGlobal
