
Microsoft Visual Studio Solution File, Format Version 12.00
# Visual Studio Version 17
VisualStudioVersion = 17.6.33829.357
MinimumVisualStudioVersion = 10.0.40219.1
Project("{FAE04EC0-301F-11D3-BF4B-00C04F79EFBC}") = "ConsoleApp1", "ConsoleApp1.csproj", "{C513A7F7-E411-464B-B9CD-D444661C4D33}"
EndProject
Global
	GlobalSection(SolutionConfigurationPlatforms) = preSolution
		Debug|Any CPU = Debug|Any CPU
		Release|Any CPU = Release|Any CPU
	EndGlobalSection
	GlobalSection(ProjectConfigurationPlatforms) = postSolution
		{C513A7F7-E411-464B-B9CD-D444661C4D33}.Debug|Any CPU.ActiveCfg = Debug|Any CPU
		{C513A7F7-E411-464B-B9CD-D444661C4D33}.Debug|Any CPU.Build.0 = Debug|Any CPU
		{C513A7F7-E411-464B-B9CD-D444661C4D33}.Release|Any CPU.ActiveCfg = Release|Any CPU
		{C513A7F7-E411-464B-B9CD-D444661C4D33}.Release|Any CPU.Build.0 = Release|Any CPU
	EndGlobalSection
	GlobalSection(SolutionProperties) = preSolution
		HideSolutionNode = FALSE
	EndGlobalSection
	GlobalSection(ExtensibilityGlobals) = postSolution
		SolutionGuid = {F874348F-115A-4C4C-8460-0963AF4DFDB2}
	EndGlobalSection
EndGlobal
