
Microsoft Visual Studio Solution File, Format Version 12.00
# Visual Studio Version 17
VisualStudioVersion = 17.6.33829.357
MinimumVisualStudioVersion = 10.0.40219.1
Project("{FAE04EC0-301F-11D3-BF4B-00C04F79EFBC}") = "imageClass", "imageClass.csproj", "{5A1D7ED1-2A59-40F5-A9AA-C6315B37BB1E}"
EndProject
Global
	GlobalSection(SolutionConfigurationPlatforms) = preSolution
		Debug|Any CPU = Debug|Any CPU
		Release|Any CPU = Release|Any CPU
	EndGlobalSection
	GlobalSection(ProjectConfigurationPlatforms) = postSolution
		{5A1D7ED1-2A59-40F5-A9AA-C6315B37BB1E}.Debug|Any CPU.ActiveCfg = Debug|Any CPU
		{5A1D7ED1-2A59-40F5-A9AA-C6315B37BB1E}.Debug|Any CPU.Build.0 = Debug|Any CPU
		{5A1D7ED1-2A59-40F5-A9AA-C6315B37BB1E}.Release|Any CPU.ActiveCfg = Release|Any CPU
		{5A1D7ED1-2A59-40F5-A9AA-C6315B37BB1E}.Release|Any CPU.Build.0 = Release|Any CPU
	EndGlobalSection
	GlobalSection(SolutionProperties) = preSolution
		HideSolutionNode = FALSE
	EndGlobalSection
	GlobalSection(ExtensibilityGlobals) = postSolution
		SolutionGuid = {64656460-FC09-49DF-B6EC-4F355C8B5FA4}
	EndGlobalSection
EndGlobal
