
Microsoft Visual Studio Solution File, Format Version 12.00
# Visual Studio Version 17
VisualStudioVersion = 17.6.33829.357
MinimumVisualStudioVersion = 10.0.40219.1
Project("{FAE04EC0-301F-11D3-BF4B-00C04F79EFBC}") = "collection", "collection.csproj", "{D370FE7E-B370-4828-8B0D-236369D5618A}"
EndProject
Global
	GlobalSection(SolutionConfigurationPlatforms) = preSolution
		Debug|Any CPU = Debug|Any CPU
		Release|Any CPU = Release|Any CPU
	EndGlobalSection
	GlobalSection(ProjectConfigurationPlatforms) = postSolution
		{D370FE7E-B370-4828-8B0D-236369D5618A}.Debug|Any CPU.ActiveCfg = Debug|Any CPU
		{D370FE7E-B370-4828-8B0D-236369D5618A}.Debug|Any CPU.Build.0 = Debug|Any CPU
		{D370FE7E-B370-4828-8B0D-236369D5618A}.Release|Any CPU.ActiveCfg = Release|Any CPU
		{D370FE7E-B370-4828-8B0D-236369D5618A}.Release|Any CPU.Build.0 = Release|Any CPU
	EndGlobalSection
	GlobalSection(SolutionProperties) = preSolution
		HideSolutionNode = FALSE
	EndGlobalSection
	GlobalSection(ExtensibilityGlobals) = postSolution
		SolutionGuid = {5D1031A2-D8F6-4711-B501-86A3275F5C14}
	EndGlobalSection
EndGlobal
