
Microsoft Visual Studio Solution File, Format Version 12.00
# Visual Studio Version 17
VisualStudioVersion = 17.6.33829.357
MinimumVisualStudioVersion = 10.0.40219.1
Project("{FAE04EC0-301F-11D3-BF4B-00C04F79EFBC}") = "abstractClass", "abstractClass.csproj", "{0247101F-AAE0-477B-A255-899DD390AE67}"
EndProject
Global
	GlobalSection(SolutionConfigurationPlatforms) = preSolution
		Debug|Any CPU = Debug|Any CPU
		Release|Any CPU = Release|Any CPU
	EndGlobalSection
	GlobalSection(ProjectConfigurationPlatforms) = postSolution
		{0247101F-AAE0-477B-A255-899DD390AE67}.Debug|Any CPU.ActiveCfg = Debug|Any CPU
		{0247101F-AAE0-477B-A255-899DD390AE67}.Debug|Any CPU.Build.0 = Debug|Any CPU
		{0247101F-AAE0-477B-A255-899DD390AE67}.Release|Any CPU.ActiveCfg = Release|Any CPU
		{0247101F-AAE0-477B-A255-899DD390AE67}.Release|Any CPU.Build.0 = Release|Any CPU
	EndGlobalSection
	GlobalSection(SolutionProperties) = preSolution
		HideSolutionNode = FALSE
	EndGlobalSection
	GlobalSection(ExtensibilityGlobals) = postSolution
		SolutionGuid = {28AA91AE-1357-4E0F-8ADA-9D46B93284E0}
	EndGlobalSection
EndGlobal
