
Microsoft Visual Studio Solution File, Format Version 12.00
# Visual Studio Version 17
VisualStudioVersion = 17.6.33829.357
MinimumVisualStudioVersion = 10.0.40219.1
Project("{FAE04EC0-301F-11D3-BF4B-00C04F79EFBC}") = "DrawLine", "DrawLine.csproj", "{448BE3A8-49C9-4459-A0D5-BFA917499269}"
EndProject
Global
	GlobalSection(SolutionConfigurationPlatforms) = preSolution
		Debug|Any CPU = Debug|Any CPU
		Release|Any CPU = Release|Any CPU
	EndGlobalSection
	GlobalSection(ProjectConfigurationPlatforms) = postSolution
		{448BE3A8-49C9-4459-A0D5-BFA917499269}.Debug|Any CPU.ActiveCfg = Debug|Any CPU
		{448BE3A8-49C9-4459-A0D5-BFA917499269}.Debug|Any CPU.Build.0 = Debug|Any CPU
		{448BE3A8-49C9-4459-A0D5-BFA917499269}.Release|Any CPU.ActiveCfg = Release|Any CPU
		{448BE3A8-49C9-4459-A0D5-BFA917499269}.Release|Any CPU.Build.0 = Release|Any CPU
	EndGlobalSection
	GlobalSection(SolutionProperties) = preSolution
		HideSolutionNode = FALSE
	EndGlobalSection
	GlobalSection(ExtensibilityGlobals) = postSolution
		SolutionGuid = {40F1C767-1C4D-40A3-BC5A-3BAB38D8DFF8}
	EndGlobalSection
EndGlobal
