
Microsoft Visual Studio Solution File, Format Version 12.00
# Visual Studio Version 17
VisualStudioVersion = 17.6.33829.357
MinimumVisualStudioVersion = 10.0.40219.1
Project("{FAE04EC0-301F-11D3-BF4B-00C04F79EFBC}") = "ThreadLock", "ThreadLock.csproj", "{9795DF50-6378-4F68-9DA6-31262BDB66E0}"
EndProject
Global
	GlobalSection(SolutionConfigurationPlatforms) = preSolution
		Debug|Any CPU = Debug|Any CPU
		Release|Any CPU = Release|Any CPU
	EndGlobalSection
	GlobalSection(ProjectConfigurationPlatforms) = postSolution
		{9795DF50-6378-4F68-9DA6-31262BDB66E0}.Debug|Any CPU.ActiveCfg = Debug|Any CPU
		{9795DF50-6378-4F68-9DA6-31262BDB66E0}.Debug|Any CPU.Build.0 = Debug|Any CPU
		{9795DF50-6378-4F68-9DA6-31262BDB66E0}.Release|Any CPU.ActiveCfg = Release|Any CPU
		{9795DF50-6378-4F68-9DA6-31262BDB66E0}.Release|Any CPU.Build.0 = Release|Any CPU
	EndGlobalSection
	GlobalSection(SolutionProperties) = preSolution
		HideSolutionNode = FALSE
	EndGlobalSection
	GlobalSection(ExtensibilityGlobals) = postSolution
		SolutionGuid = {BC9BAEBD-75A8-4AAC-A600-E5624F2F909D}
	EndGlobalSection
EndGlobal
